// !$*UTF8*$!
{
	archiveVersion = 1;
	classes = {
	};
	objectVersion = 56;
	objects = {

/* Begin PBXBuildFile section */
		6B0E2F8E2B25EB2F00B448A0 /* LocationSearchView.swift in Sources */ = {isa = PBXBuildFile; fileRef = 6B0E2F8D2B25EB2F00B448A0 /* LocationSearchView.swift */; };
		6B0E2F902B25EE6900B448A0 /* LocationSearchResultCell.swift in Sources */ = {isa = PBXBuildFile; fileRef = 6B0E2F8F2B25EE6900B448A0 /* LocationSearchResultCell.swift */; };
		6B0E2F922B272F3B00B448A0 /* LocationSearchViewModel.swift in Sources */ = {isa = PBXBuildFile; fileRef = 6B0E2F912B272F3B00B448A0 /* LocationSearchViewModel.swift */; };
		6B2D0AA72B212854008A170A /* UberAppCloneApp.swift in Sources */ = {isa = PBXBuildFile; fileRef = 6B2D0AA62B212854008A170A /* UberAppCloneApp.swift */; };
		6B2D0AAB2B212854008A170A /* Assets.xcassets in Resources */ = {isa = PBXBuildFile; fileRef = 6B2D0AAA2B212854008A170A /* Assets.xcassets */; };
		6B2D0AAE2B212854008A170A /* Preview Assets.xcassets in Resources */ = {isa = PBXBuildFile; fileRef = 6B2D0AAD2B212854008A170A /* Preview Assets.xcassets */; };
		6B2D0ABD2B212954008A170A /* HomeView.swift in Sources */ = {isa = PBXBuildFile; fileRef = 6B2D0ABC2B212954008A170A /* HomeView.swift */; };
		6B2D0ABF2B2129AA008A170A /* UberMapViewRepresentable.swift in Sources */ = {isa = PBXBuildFile; fileRef = 6B2D0ABE2B2129AA008A170A /* UberMapViewRepresentable.swift */; };
		6B2D0AC12B212B0E008A170A /* LocationManager.swift in Sources */ = {isa = PBXBuildFile; fileRef = 6B2D0AC02B212B0E008A170A /* LocationManager.swift */; };
		6BB84AA12B2E4D9000718334 /* MapViewState.swift in Sources */ = {isa = PBXBuildFile; fileRef = 6BB84AA02B2E4D9000718334 /* MapViewState.swift */; };
		6BB84AA42B2E589E00718334 /* RideRequestView.swift in Sources */ = {isa = PBXBuildFile; fileRef = 6BB84AA32B2E589E00718334 /* RideRequestView.swift */; };
		6BFAE0D92B24867800CCD5BD /* LocationSearchActivationView.swift in Sources */ = {isa = PBXBuildFile; fileRef = 6BFAE0D82B24867800CCD5BD /* LocationSearchActivationView.swift */; };
		6BFAE0DB2B2488D700CCD5BD /* MapViewActionButton.swift in Sources */ = {isa = PBXBuildFile; fileRef = 6BFAE0DA2B2488D700CCD5BD /* MapViewActionButton.swift */; };
/* End PBXBuildFile section */

/* Begin PBXFileReference section */
		6B0E2F8D2B25EB2F00B448A0 /* LocationSearchView.swift */ = {isa = PBXFileReference; lastKnownFileType = sourcecode.swift; path = LocationSearchView.swift; sourceTree = "<group>"; };
		6B0E2F8F2B25EE6900B448A0 /* LocationSearchResultCell.swift */ = {isa = PBXFileReference; lastKnownFileType = sourcecode.swift; path = LocationSearchResultCell.swift; sourceTree = "<group>"; };
		6B0E2F912B272F3B00B448A0 /* LocationSearchViewModel.swift */ = {isa = PBXFileReference; lastKnownFileType = sourcecode.swift; path = LocationSearchViewModel.swift; sourceTree = "<group>"; };
		6B2D0AA32B212854008A170A /* UberAppClone.app */ = {isa = PBXFileReference; explicitFileType = wrapper.application; includeInIndex = 0; path = UberAppClone.app; sourceTree = BUILT_PRODUCTS_DIR; };
		6B2D0AA62B212854008A170A /* UberAppCloneApp.swift */ = {isa = PBXFileReference; lastKnownFileType = sourcecode.swift; path = UberAppCloneApp.swift; sourceTree = "<group>"; };
		6B2D0AAA2B212854008A170A /* Assets.xcassets */ = {isa = PBXFileReference; lastKnownFileType = folder.assetcatalog; path = Assets.xcassets; sourceTree = "<group>"; };
		6B2D0AAD2B212854008A170A /* Preview Assets.xcassets */ = {isa = PBXFileReference; lastKnownFileType = folder.assetcatalog; path = "Preview Assets.xcassets"; sourceTree = "<group>"; };
		6B2D0ABC2B212954008A170A /* HomeView.swift */ = {isa = PBXFileReference; lastKnownFileType = sourcecode.swift; path = HomeView.swift; sourceTree = "<group>"; };
		6B2D0ABE2B2129AA008A170A /* UberMapViewRepresentable.swift */ = {isa = PBXFileReference; lastKnownFileType = sourcecode.swift; path = UberMapViewRepresentable.swift; sourceTree = "<group>"; };
		6B2D0AC02B212B0E008A170A /* LocationManager.swift */ = {isa = PBXFileReference; lastKnownFileType = sourcecode.swift; path = LocationManager.swift; sourceTree = "<group>"; };
		6BB84AA02B2E4D9000718334 /* MapViewState.swift */ = {isa = PBXFileReference; lastKnownFileType = sourcecode.swift; path = MapViewState.swift; sourceTree = "<group>"; };
		6BB84AA32B2E589E00718334 /* RideRequestView.swift */ = {isa = PBXFileReference; lastKnownFileType = sourcecode.swift; path = RideRequestView.swift; sourceTree = "<group>"; };
		6BFAE0D82B24867800CCD5BD /* LocationSearchActivationView.swift */ = {isa = PBXFileReference; lastKnownFileType = sourcecode.swift; path = LocationSearchActivationView.swift; sourceTree = "<group>"; };
		6BFAE0DA2B2488D700CCD5BD /* MapViewActionButton.swift */ = {isa = PBXFileReference; lastKnownFileType = sourcecode.swift; path = MapViewActionButton.swift; sourceTree = "<group>"; };
/* End PBXFileReference section */

/* Begin PBXFrameworksBuildPhase section */
		6B2D0AA02B212854008A170A /* Frameworks */ = {
			isa = PBXFrameworksBuildPhase;
			buildActionMask = 2147483647;
			files = (
			);
			runOnlyForDeploymentPostprocessing = 0;
		};
/* End PBXFrameworksBuildPhase section */

/* Begin PBXGroup section */
		6B2D0A9A2B212854008A170A = {
			isa = PBXGroup;
			children = (
				6B2D0AA52B212854008A170A /* UberAppClone */,
				6B2D0AA42B212854008A170A /* Products */,
			);
			sourceTree = "<group>";
		};
		6B2D0AA42B212854008A170A /* Products */ = {
			isa = PBXGroup;
			children = (
				6B2D0AA32B212854008A170A /* UberAppClone.app */,
			);
			name = Products;
			sourceTree = "<group>";
		};
		6B2D0AA52B212854008A170A /* UberAppClone */ = {
			isa = PBXGroup;
			children = (
				6B2D0AB82B2128FF008A170A /* App */,
				6B2D0AB72B2128FC008A170A /* Core */,
				6B2D0AB62B2128F9008A170A /* Extensions */,
				6B2D0AB52B2128F8008A170A /* Managers */,
				6B2D0AB42B2128EF008A170A /* Models */,
				6B2D0AAA2B212854008A170A /* Assets.xcassets */,
				6B2D0AAC2B212854008A170A /* Preview Content */,
			);
			path = UberAppClone;
			sourceTree = "<group>";
		};
		6B2D0AAC2B212854008A170A /* Preview Content */ = {
			isa = PBXGroup;
			children = (
				6B2D0AAD2B212854008A170A /* Preview Assets.xcassets */,
			);
			path = "Preview Content";
			sourceTree = "<group>";
		};
		6B2D0AB42B2128EF008A170A /* Models */ = {
			isa = PBXGroup;
			children = (
				6BB84AA02B2E4D9000718334 /* MapViewState.swift */,
			);
			path = Models;
			sourceTree = "<group>";
		};
		6B2D0AB52B2128F8008A170A /* Managers */ = {
			isa = PBXGroup;
			children = (
				6B2D0AC02B212B0E008A170A /* LocationManager.swift */,
			);
			path = Managers;
			sourceTree = "<group>";
		};
		6B2D0AB62B2128F9008A170A /* Extensions */ = {
			isa = PBXGroup;
			children = (
			);
			path = Extensions;
			sourceTree = "<group>";
		};
		6B2D0AB72B2128FC008A170A /* Core */ = {
			isa = PBXGroup;
			children = (
				6BB84AA22B2E589100718334 /* Trips */,
				6BFAE0D52B24863300CCD5BD /* LocationSearch */,
				6BFAE0D42B24861E00CCD5BD /* Home */,
			);
			path = Core;
			sourceTree = "<group>";
		};
		6B2D0AB82B2128FF008A170A /* App */ = {
			isa = PBXGroup;
			children = (
				6B2D0AA62B212854008A170A /* UberAppCloneApp.swift */,
			);
			path = App;
			sourceTree = "<group>";
		};
		6B2D0ABA2B212941008A170A /* Views */ = {
			isa = PBXGroup;
			children = (
				6B2D0ABC2B212954008A170A /* HomeView.swift */,
				6B2D0ABE2B2129AA008A170A /* UberMapViewRepresentable.swift */,
				6BFAE0DA2B2488D700CCD5BD /* MapViewActionButton.swift */,
			);
			path = Views;
			sourceTree = "<group>";
		};
		6B2D0ABB2B212949008A170A /* ViewModel */ = {
			isa = PBXGroup;
			children = (
			);
			path = ViewModel;
			sourceTree = "<group>";
		};
		6BB84AA22B2E589100718334 /* Trips */ = {
			isa = PBXGroup;
			children = (
				6BB84AA32B2E589E00718334 /* RideRequestView.swift */,
			);
			path = Trips;
			sourceTree = "<group>";
		};
		6BFAE0D42B24861E00CCD5BD /* Home */ = {
			isa = PBXGroup;
			children = (
				6B2D0ABB2B212949008A170A /* ViewModel */,
				6B2D0ABA2B212941008A170A /* Views */,
			);
			path = Home;
			sourceTree = "<group>";
		};
		6BFAE0D52B24863300CCD5BD /* LocationSearch */ = {
			isa = PBXGroup;
			children = (
				6BFAE0D72B24866000CCD5BD /* ViewModel */,
				6BFAE0D62B24865C00CCD5BD /* Views */,
			);
			path = LocationSearch;
			sourceTree = "<group>";
		};
		6BFAE0D62B24865C00CCD5BD /* Views */ = {
			isa = PBXGroup;
			children = (
				6BFAE0D82B24867800CCD5BD /* LocationSearchActivationView.swift */,
				6B0E2F8D2B25EB2F00B448A0 /* LocationSearchView.swift */,
				6B0E2F8F2B25EE6900B448A0 /* LocationSearchResultCell.swift */,
			);
			path = Views;
			sourceTree = "<group>";
		};
		6BFAE0D72B24866000CCD5BD /* ViewModel */ = {
			isa = PBXGroup;
			children = (
				6B0E2F912B272F3B00B448A0 /* LocationSearchViewModel.swift */,
			);
			path = ViewModel;
			sourceTree = "<group>";
		};
/* End PBXGroup section */

/* Begin PBXNativeTarget section */
		6B2D0AA22B212854008A170A /* UberAppClone */ = {
			isa = PBXNativeTarget;
			buildConfigurationList = 6B2D0AB12B212854008A170A /* Build configuration list for PBXNativeTarget "UberAppClone" */;
			buildPhases = (
				6B2D0A9F2B212854008A170A /* Sources */,
				6B2D0AA02B212854008A170A /* Frameworks */,
				6B2D0AA12B212854008A170A /* Resources */,
			);
			buildRules = (
			);
			dependencies = (
			);
			name = UberAppClone;
			productName = UberAppClone;
			productReference = 6B2D0AA32B212854008A170A /* UberAppClone.app */;
			productType = "com.apple.product-type.application";
		};
/* End PBXNativeTarget section */

/* Begin PBXProject section */
		6B2D0A9B2B212854008A170A /* Project object */ = {
			isa = PBXProject;
			attributes = {
				BuildIndependentTargetsInParallel = 1;
				LastSwiftUpdateCheck = 1500;
				LastUpgradeCheck = 1500;
				TargetAttributes = {
					6B2D0AA22B212854008A170A = {
						CreatedOnToolsVersion = 15.0.1;
					};
				};
			};
			buildConfigurationList = 6B2D0A9E2B212854008A170A /* Build configuration list for PBXProject "UberAppClone" */;
			compatibilityVersion = "Xcode 14.0";
			developmentRegion = en;
			hasScannedForEncodings = 0;
			knownRegions = (
				en,
				Base,
			);
			mainGroup = 6B2D0A9A2B212854008A170A;
			productRefGroup = 6B2D0AA42B212854008A170A /* Products */;
			projectDirPath = "";
			projectRoot = "";
			targets = (
				6B2D0AA22B212854008A170A /* UberAppClone */,
			);
		};
/* End PBXProject section */

/* Begin PBXResourcesBuildPhase section */
		6B2D0AA12B212854008A170A /* Resources */ = {
			isa = PBXResourcesBuildPhase;
			buildActionMask = 2147483647;
			files = (
				6B2D0AAE2B212854008A170A /* Preview Assets.xcassets in Resources */,
				6B2D0AAB2B212854008A170A /* Assets.xcassets in Resources */,
			);
			runOnlyForDeploymentPostprocessing = 0;
		};
/* End PBXResourcesBuildPhase section */

/* Begin PBXSourcesBuildPhase section */
		6B2D0A9F2B212854008A170A /* Sources */ = {
			isa = PBXSourcesBuildPhase;
			buildActionMask = 2147483647;
			files = (
				6B0E2F922B272F3B00B448A0 /* LocationSearchViewModel.swift in Sources */,
				6B0E2F8E2B25EB2F00B448A0 /* LocationSearchView.swift in Sources */,
				6B2D0AC12B212B0E008A170A /* LocationManager.swift in Sources */,
				6BB84AA42B2E589E00718334 /* RideRequestView.swift in Sources */,
				6BB84AA12B2E4D9000718334 /* MapViewState.swift in Sources */,
				6BFAE0DB2B2488D700CCD5BD /* MapViewActionButton.swift in Sources */,
				6B2D0AA72B212854008A170A /* UberAppCloneApp.swift in Sources */,
				6B2D0ABF2B2129AA008A170A /* UberMapViewRepresentable.swift in Sources */,
				6B2D0ABD2B212954008A170A /* HomeView.swift in Sources */,
				6BFAE0D92B24867800CCD5BD /* LocationSearchActivationView.swift in Sources */,
				6B0E2F902B25EE6900B448A0 /* LocationSearchResultCell.swift in Sources */,
			);
			runOnlyForDeploymentPostprocessing = 0;
		};
/* End PBXSourcesBuildPhase section */

/* Begin XCBuildConfiguration section */
		6B2D0AAF2B212854008A170A /* Debug */ = {
			isa = XCBuildConfiguration;
			buildSettings = {
				ALWAYS_SEARCH_USER_PATHS = NO;
				ASSETCATALOG_COMPILER_GENERATE_SWIFT_ASSET_SYMBOL_EXTENSIONS = YES;
				CLANG_ANALYZER_NONNULL = YES;
				CLANG_ANALYZER_NUMBER_OBJECT_CONVERSION = YES_AGGRESSIVE;
				CLANG_CXX_LANGUAGE_STANDARD = "gnu++20";
				CLANG_ENABLE_MODULES = YES;
				CLANG_ENABLE_OBJC_ARC = YES;
				CLANG_ENABLE_OBJC_WEAK = YES;
				CLANG_WARN_BLOCK_CAPTURE_AUTORELEASING = YES;
				CLANG_WARN_BOOL_CONVERSION = YES;
				CLANG_WARN_COMMA = YES;
				CLANG_WARN_CONSTANT_CONVERSION = YES;
				CLANG_WARN_DEPRECATED_OBJC_IMPLEMENTATIONS = YES;
				CLANG_WARN_DIRECT_OBJC_ISA_USAGE = YES_ERROR;
				CLANG_WARN_DOCUMENTATION_COMMENTS = YES;
				CLANG_WARN_EMPTY_BODY = YES;
				CLANG_WARN_ENUM_CONVERSION = YES;
				CLANG_WARN_INFINITE_RECURSION = YES;
				CLANG_WARN_INT_CONVERSION = YES;
				CLANG_WARN_NON_LITERAL_NULL_CONVERSION = YES;
				CLANG_WARN_OBJC_IMPLICIT_RETAIN_SELF = YES;
				CLANG_WARN_OBJC_LITERAL_CONVERSION = YES;
				CLANG_WARN_OBJC_ROOT_CLASS = YES_ERROR;
				CLANG_WARN_QUOTED_INCLUDE_IN_FRAMEWORK_HEADER = YES;
				CLANG_WARN_RANGE_LOOP_ANALYSIS = YES;
				CLANG_WARN_STRICT_PROTOTYPES = YES;
				CLANG_WARN_SUSPICIOUS_MOVE = YES;
				CLANG_WARN_UNGUARDED_AVAILABILITY = YES_AGGRESSIVE;
				CLANG_WARN_UNREACHABLE_CODE = YES;
				CLANG_WARN__DUPLICATE_METHOD_MATCH = YES;
				COPY_PHASE_STRIP = NO;
				DEBUG_INFORMATION_FORMAT = dwarf;
				ENABLE_STRICT_OBJC_MSGSEND = YES;
				ENABLE_TESTABILITY = YES;
				ENABLE_USER_SCRIPT_SANDBOXING = YES;
				GCC_C_LANGUAGE_STANDARD = gnu17;
				GCC_DYNAMIC_NO_PIC = NO;
				GCC_NO_COMMON_BLOCKS = YES;
				GCC_OPTIMIZATION_LEVEL = 0;
				GCC_PREPROCESSOR_DEFINITIONS = (
					"DEBUG=1",
					"$(inherited)",
				);
				GCC_WARN_64_TO_32_BIT_CONVERSION = YES;
				GCC_WARN_ABOUT_RETURN_TYPE = YES_ERROR;
				GCC_WARN_UNDECLARED_SELECTOR = YES;
				GCC_WARN_UNINITIALIZED_AUTOS = YES_AGGRESSIVE;
				GCC_WARN_UNUSED_FUNCTION = YES;
				GCC_WARN_UNUSED_VARIABLE = YES;
				IPHONEOS_DEPLOYMENT_TARGET = 17.0;
				LOCALIZATION_PREFERS_STRING_CATALOGS = YES;
				MTL_ENABLE_DEBUG_INFO = INCLUDE_SOURCE;
				MTL_FAST_MATH = YES;
				ONLY_ACTIVE_ARCH = YES;
				SDKROOT = iphoneos;
				SWIFT_ACTIVE_COMPILATION_CONDITIONS = "DEBUG $(inherited)";
				SWIFT_OPTIMIZATION_LEVEL = "-Onone";
			};
			name = Debug;
		};
		6B2D0AB02B212854008A170A /* Release */ = {
			isa = XCBuildConfiguration;
			buildSettings = {
				ALWAYS_SEARCH_USER_PATHS = NO;
				ASSETCATALOG_COMPILER_GENERATE_SWIFT_ASSET_SYMBOL_EXTENSIONS = YES;
				CLANG_ANALYZER_NONNULL = YES;
				CLANG_ANALYZER_NUMBER_OBJECT_CONVERSION = YES_AGGRESSIVE;
				CLANG_CXX_LANGUAGE_STANDARD = "gnu++20";
				CLANG_ENABLE_MODULES = YES;
				CLANG_ENABLE_OBJC_ARC = YES;
				CLANG_ENABLE_OBJC_WEAK = YES;
				CLANG_WARN_BLOCK_CAPTURE_AUTORELEASING = YES;
				CLANG_WARN_BOOL_CONVERSION = YES;
				CLANG_WARN_COMMA = YES;
				CLANG_WARN_CONSTANT_CONVERSION = YES;
				CLANG_WARN_DEPRECATED_OBJC_IMPLEMENTATIONS = YES;
				CLANG_WARN_DIRECT_OBJC_ISA_USAGE = YES_ERROR;
				CLANG_WARN_DOCUMENTATION_COMMENTS = YES;
				CLANG_WARN_EMPTY_BODY = YES;
				CLANG_WARN_ENUM_CONVERSION = YES;
				CLANG_WARN_INFINITE_RECURSION = YES;
				CLANG_WARN_INT_CONVERSION = YES;
				CLANG_WARN_NON_LITERAL_NULL_CONVERSION = YES;
				CLANG_WARN_OBJC_IMPLICIT_RETAIN_SELF = YES;
				CLANG_WARN_OBJC_LITERAL_CONVERSION = YES;
				CLANG_WARN_OBJC_ROOT_CLASS = YES_ERROR;
				CLANG_WARN_QUOTED_INCLUDE_IN_FRAMEWORK_HEADER = YES;
				CLANG_WARN_RANGE_LOOP_ANALYSIS = YES;
				CLANG_WARN_STRICT_PROTOTYPES = YES;
				CLANG_WARN_SUSPICIOUS_MOVE = YES;
				CLANG_WARN_UNGUARDED_AVAILABILITY = YES_AGGRESSIVE;
				CLANG_WARN_UNREACHABLE_CODE = YES;
				CLANG_WARN__DUPLICATE_METHOD_MATCH = YES;
				COPY_PHASE_STRIP = NO;
				DEBUG_INFORMATION_FORMAT = "dwarf-with-dsym";
				ENABLE_NS_ASSERTIONS = NO;
				ENABLE_STRICT_OBJC_MSGSEND = YES;
				ENABLE_USER_SCRIPT_SANDBOXING = YES;
				GCC_C_LANGUAGE_STANDARD = gnu17;
				GCC_NO_COMMON_BLOCKS = YES;
				GCC_WARN_64_TO_32_BIT_CONVERSION = YES;
				GCC_WARN_ABOUT_RETURN_TYPE = YES_ERROR;
				GCC_WARN_UNDECLARED_SELECTOR = YES;
				GCC_WARN_UNINITIALIZED_AUTOS = YES_AGGRESSIVE;
				GCC_WARN_UNUSED_FUNCTION = YES;
				GCC_WARN_UNUSED_VARIABLE = YES;
				IPHONEOS_DEPLOYMENT_TARGET = 17.0;
				LOCALIZATION_PREFERS_STRING_CATALOGS = YES;
				MTL_ENABLE_DEBUG_INFO = NO;
				MTL_FAST_MATH = YES;
				SDKROOT = iphoneos;
				SWIFT_COMPILATION_MODE = wholemodule;
				VALIDATE_PRODUCT = YES;
			};
			name = Release;
		};
		6B2D0AB22B212854008A170A /* Debug */ = {
			isa = XCBuildConfiguration;
			buildSettings = {
				ASSETCATALOG_COMPILER_APPICON_NAME = AppIcon;
				ASSETCATALOG_COMPILER_GLOBAL_ACCENT_COLOR_NAME = AccentColor;
				CODE_SIGN_STYLE = Automatic;
				CURRENT_PROJECT_VERSION = 1;
				DEVELOPMENT_ASSET_PATHS = "\"UberAppClone/Preview Content\"";
				DEVELOPMENT_TEAM = XW545M62FL;
				ENABLE_PREVIEWS = YES;
				GENERATE_INFOPLIST_FILE = YES;
				INFOPLIST_KEY_NSLocationWhenInUseUsageDescription = "Please allow us to access your location to find your nearby drivers and rides";
				INFOPLIST_KEY_UIApplicationSceneManifest_Generation = YES;
				INFOPLIST_KEY_UIApplicationSupportsIndirectInputEvents = YES;
				INFOPLIST_KEY_UILaunchScreen_Generation = YES;
				INFOPLIST_KEY_UISupportedInterfaceOrientations_iPad = "UIInterfaceOrientationPortrait UIInterfaceOrientationPortraitUpsideDown UIInterfaceOrientationLandscapeLeft UIInterfaceOrientationLandscapeRight";
				INFOPLIST_KEY_UISupportedInterfaceOrientations_iPhone = "UIInterfaceOrientationPortrait UIInterfaceOrientationLandscapeLeft UIInterfaceOrientationLandscapeRight";
				LD_RUNPATH_SEARCH_PATHS = (
					"$(inherited)",
					"@executable_path/Frameworks",
				);
				MARKETING_VERSION = 1.0;
				PRODUCT_BUNDLE_IDENTIFIER = com.yagizhitit.UberAppClone;
				PRODUCT_NAME = "$(TARGET_NAME)";
				SWIFT_EMIT_LOC_STRINGS = YES;
				SWIFT_VERSION = 5.0;
				TARGETED_DEVICE_FAMILY = "1,2";
			};
			name = Debug;
		};
		6B2D0AB32B212854008A170A /* Release */ = {
			isa = XCBuildConfiguration;
			buildSettings = {
				ASSETCATALOG_COMPILER_APPICON_NAME = AppIcon;
				ASSETCATALOG_COMPILER_GLOBAL_ACCENT_COLOR_NAME = AccentColor;
				CODE_SIGN_STYLE = Automatic;
				CURRENT_PROJECT_VERSION = 1;
				DEVELOPMENT_ASSET_PATHS = "\"UberAppClone/Preview Content\"";
				DEVELOPMENT_TEAM = XW545M62FL;
				ENABLE_PREVIEWS = YES;
				GENERATE_INFOPLIST_FILE = YES;
				INFOPLIST_KEY_NSLocationWhenInUseUsageDescription = "Please allow us to access your location to find your nearby drivers and rides";
				INFOPLIST_KEY_UIApplicationSceneManifest_Generation = YES;
				INFOPLIST_KEY_UIApplicationSupportsIndirectInputEvents = YES;
				INFOPLIST_KEY_UILaunchScreen_Generation = YES;
				INFOPLIST_KEY_UISupportedInterfaceOrientations_iPad = "UIInterfaceOrientationPortrait UIInterfaceOrientationPortraitUpsideDown UIInterfaceOrientationLandscapeLeft UIInterfaceOrientationLandscapeRight";
				INFOPLIST_KEY_UISupportedInterfaceOrientations_iPhone = "UIInterfaceOrientationPortrait UIInterfaceOrientationLandscapeLeft UIInterfaceOrientationLandscapeRight";
				LD_RUNPATH_SEARCH_PATHS = (
					"$(inherited)",
					"@executable_path/Frameworks",
				);
				MARKETING_VERSION = 1.0;
				PRODUCT_BUNDLE_IDENTIFIER = com.yagizhitit.UberAppClone;
				PRODUCT_NAME = "$(TARGET_NAME)";
				SWIFT_EMIT_LOC_STRINGS = YES;
				SWIFT_VERSION = 5.0;
				TARGETED_DEVICE_FAMILY = "1,2";
			};
			name = Release;
		};
/* End XCBuildConfiguration section */

/* Begin XCConfigurationList section */
		6B2D0A9E2B212854008A170A /* Build configuration list for PBXProject "UberAppClone" */ = {
			isa = XCConfigurationList;
			buildConfigurations = (
				6B2D0AAF2B212854008A170A /* Debug */,
				6B2D0AB02B212854008A170A /* Release */,
			);
			defaultConfigurationIsVisible = 0;
			defaultConfigurationName = Release;
		};
		6B2D0AB12B212854008A170A /* Build configuration list for PBXNativeTarget "UberAppClone" */ = {
			isa = XCConfigurationList;
			buildConfigurations = (
				6B2D0AB22B212854008A170A /* Debug */,
				6B2D0AB32B212854008A170A /* Release */,
			);
			defaultConfigurationIsVisible = 0;
			defaultConfigurationName = Release;
		};
/* End XCConfigurationList section */
	};
	rootObject = 6B2D0A9B2B212854008A170A /* Project object */;
}
